
Microsoft Visual Studio Solution File, Format Version 12.00
# Visual Studio Version 16
VisualStudioVersion = 16.0.30611.23
MinimumVisualStudioVersion = 10.0.40219.1
Project("{9A19103F-16F7-4668-BE54-9A1E7A4F7556}") = "InstantMessenger.Api", "src\InstantMessenger.Api\InstantMessenger.Api.csproj", "{D1492CBC-113D-42BE-BF63-D8955280625B}"
EndProject
Project("{9A19103F-16F7-4668-BE54-9A1E7A4F7556}") = "InstantMessenger.Identity", "src\Modules\InstantMessenger.Identity\InstantMessenger.Identity.csproj", "{71DB59B0-F2AA-4B7E-A760-498811324DA3}"
EndProject
Project("{2150E333-8FDC-42A3-9474-1A3956D46DE8}") = "Modules", "Modules", "{F0DC43F8-8AF8-4AA4-A7DE-6A924320DEDE}"
EndProject
Project("{9A19103F-16F7-4668-BE54-9A1E7A4F7556}") = "InstantMessenger.Profiles", "src\Modules\InstantMessenger.Profiles\InstantMessenger.Profiles.csproj", "{CFBAB886-8886-4DC7-A48A-443F3E549BCD}"
EndProject
Project("{9A19103F-16F7-4668-BE54-9A1E7A4F7556}") = "InstantMessenger.PrivateMessages", "src\Modules\InstantMessenger.PrivateMessages\InstantMessenger.PrivateMessages.csproj", "{1FF21B37-BA74-4BBC-9270-F4B364A43C58}"
EndProject
Project("{9A19103F-16F7-4668-BE54-9A1E7A4F7556}") = "InstantMessenger.Friendships", "src\Modules\InstantMessenger.Friendships\InstantMessenger.Friendships.csproj", "{EF44F7A6-6517-48CB-B010-78B077B601D9}"
EndProject
Project("{9A19103F-16F7-4668-BE54-9A1E7A4F7556}") = "InstantMessenger.Notifications", "src\Modules\InstantMessenger.Notifications\InstantMessenger.Notifications.csproj", "{5E322C12-86CF-4C69-A23C-562985C26BAE}"
EndProject
Project("{2150E333-8FDC-42A3-9474-1A3956D46DE8}") = "Shared", "Shared", "{3A575CD3-FD54-4677-8D3D-28FA2E685490}"
EndProject
Project("{9A19103F-16F7-4668-BE54-9A1E7A4F7556}") = "InstantMessenger.Shared", "src\Shared\InstantMessenger.Shared\InstantMessenger.Shared.csproj", "{11C9482E-EB68-4A16-A011-63C2674C6BE8}"
EndProject
Project("{9A19103F-16F7-4668-BE54-9A1E7A4F7556}") = "InstantMessenger.IntegrationTests", "src\InstantMessenger.IntegrationTests\InstantMessenger.IntegrationTests.csproj", "{7E2D2D18-88B3-48CB-AB0D-C11F1EE4D9DF}"
EndProject
Project("{2150E333-8FDC-42A3-9474-1A3956D46DE8}") = "Solution Items", "Solution Items", "{BAB017B0-92CF-4CD7-A966-00F6F5D838FE}"
	ProjectSection(SolutionItems) = preProject
		.editorconfig = .editorconfig
	EndProjectSection
EndProject
Global
	GlobalSection(SolutionConfigurationPlatforms) = preSolution
		Debug|Any CPU = Debug|Any CPU
		Release|Any CPU = Release|Any CPU
	EndGlobalSection
	GlobalSection(ProjectConfigurationPlatforms) = postSolution
		{D1492CBC-113D-42BE-BF63-D8955280625B}.Debug|Any CPU.ActiveCfg = Debug|Any CPU
		{D1492CBC-113D-42BE-BF63-D8955280625B}.Debug|Any CPU.Build.0 = Debug|Any CPU
		{D1492CBC-113D-42BE-BF63-D8955280625B}.Release|Any CPU.ActiveCfg = Release|Any CPU
		{D1492CBC-113D-42BE-BF63-D8955280625B}.Release|Any CPU.Build.0 = Release|Any CPU
		{71DB59B0-F2AA-4B7E-A760-498811324DA3}.Debug|Any CPU.ActiveCfg = Debug|Any CPU
		{71DB59B0-F2AA-4B7E-A760-498811324DA3}.Debug|Any CPU.Build.0 = Debug|Any CPU
		{71DB59B0-F2AA-4B7E-A760-498811324DA3}.Release|Any CPU.ActiveCfg = Release|Any CPU
		{71DB59B0-F2AA-4B7E-A760-498811324DA3}.Release|Any CPU.Build.0 = Release|Any CPU
		{CFBAB886-8886-4DC7-A48A-443F3E549BCD}.Debug|Any CPU.ActiveCfg = Debug|Any CPU
		{CFBAB886-8886-4DC7-A48A-443F3E549BCD}.Debug|Any CPU.Build.0 = Debug|Any CPU
		{CFBAB886-8886-4DC7-A48A-443F3E549BCD}.Release|Any CPU.ActiveCfg = Release|Any CPU
		{CFBAB886-8886-4DC7-A48A-443F3E549BCD}.Release|Any CPU.Build.0 = Release|Any CPU
		{1FF21B37-BA74-4BBC-9270-F4B364A43C58}.Debug|Any CPU.ActiveCfg = Debug|Any CPU
		{1FF21B37-BA74-4BBC-9270-F4B364A43C58}.Debug|Any CPU.Build.0 = Debug|Any CPU
		{1FF21B37-BA74-4BBC-9270-F4B364A43C58}.Release|Any CPU.ActiveCfg = Release|Any CPU
		{1FF21B37-BA74-4BBC-9270-F4B364A43C58}.Release|Any CPU.Build.0 = Release|Any CPU
		{EF44F7A6-6517-48CB-B010-78B077B601D9}.Debug|Any CPU.ActiveCfg = Debug|Any CPU
		{EF44F7A6-6517-48CB-B010-78B077B601D9}.Debug|Any CPU.Build.0 = Debug|Any CPU
		{EF44F7A6-6517-48CB-B010-78B077B601D9}.Release|Any CPU.ActiveCfg = Release|Any CPU
		{EF44F7A6-6517-48CB-B010-78B077B601D9}.Release|Any CPU.Build.0 = Release|Any CPU
		{5E322C12-86CF-4C69-A23C-562985C26BAE}.Debug|Any CPU.ActiveCfg = Debug|Any CPU
		{5E322C12-86CF-4C69-A23C-562985C26BAE}.Debug|Any CPU.Build.0 = Debug|Any CPU
		{5E322C12-86CF-4C69-A23C-562985C26BAE}.Release|Any CPU.ActiveCfg = Release|Any CPU
		{5E322C12-86CF-4C69-A23C-562985C26BAE}.Release|Any CPU.Build.0 = Release|Any CPU
		{11C9482E-EB68-4A16-A011-63C2674C6BE8}.Debug|Any CPU.ActiveCfg = Debug|Any CPU
		{11C9482E-EB68-4A16-A011-63C2674C6BE8}.Debug|Any CPU.Build.0 = Debug|Any CPU
		{11C9482E-EB68-4A16-A011-63C2674C6BE8}.Release|Any CPU.ActiveCfg = Release|Any CPU
		{11C9482E-EB68-4A16-A011-63C2674C6BE8}.Release|Any CPU.Build.0 = Release|Any CPU
		{7E2D2D18-88B3-48CB-AB0D-C11F1EE4D9DF}.Debug|Any CPU.ActiveCfg = Debug|Any CPU
		{7E2D2D18-88B3-48CB-AB0D-C11F1EE4D9DF}.Debug|Any CPU.Build.0 = Debug|Any CPU
		{7E2D2D18-88B3-48CB-AB0D-C11F1EE4D9DF}.Release|Any CPU.ActiveCfg = Release|Any CPU
		{7E2D2D18-88B3-48CB-AB0D-C11F1EE4D9DF}.Release|Any CPU.Build.0 = Release|Any CPU
	EndGlobalSection
	GlobalSection(SolutionProperties) = preSolution
		HideSolutionNode = FALSE
	EndGlobalSection
	GlobalSection(NestedProjects) = preSolution
		{71DB59B0-F2AA-4B7E-A760-498811324DA3} = {F0DC43F8-8AF8-4AA4-A7DE-6A924320DEDE}
		{CFBAB886-8886-4DC7-A48A-443F3E549BCD} = {F0DC43F8-8AF8-4AA4-A7DE-6A924320DEDE}
		{1FF21B37-BA74-4BBC-9270-F4B364A43C58} = {F0DC43F8-8AF8-4AA4-A7DE-6A924320DEDE}
		{EF44F7A6-6517-48CB-B010-78B077B601D9} = {F0DC43F8-8AF8-4AA4-A7DE-6A924320DEDE}
		{5E322C12-86CF-4C69-A23C-562985C26BAE} = {F0DC43F8-8AF8-4AA4-A7DE-6A924320DEDE}
		{11C9482E-EB68-4A16-A011-63C2674C6BE8} = {3A575CD3-FD54-4677-8D3D-28FA2E685490}
	EndGlobalSection
	GlobalSection(ExtensibilityGlobals) = postSolution
		SolutionGuid = {81DBF4CE-988E-4AF6-A00B-E53B48C44C61}
	EndGlobalSection
EndGlobal
